# @generated by Move, please check-in and do not edit manually.

[move]
version = 2
manifest_digest = "4F0DF57C3DF131B12543092D892D1DE17C5A3BAC45232E3735534DEFC8E0432B"
deps_digest = "F8BBB0CCB2491CA29A3DF03D6F92277A4F3574266507ACD77214D37ECA3F3082"
dependencies = [
  { name = "Sui" },
]

[[move.package]]
name = "MoveStdlib"
source = { git = "https://github.com/MystenLabs/sui.git", rev = "framework/testnet", subdir = "crates/sui-framework/packages/move-stdlib" }

[[move.package]]
name = "Sui"
source = { git = "https://github.com/MystenLabs/sui.git", rev = "framework/testnet", subdir = "crates/sui-framework/packages/sui-framework" }

dependencies = [
  { name = "MoveStdlib" },
]

[move.toolchain-version]
compiler-version = "1.26.0"
edition = "2024.beta"
flavor = "sui"

[env]

[env.testnet]
chain-id = "4c78adac"
original-published-id = "0x3ed2e92bf3334555efbea43993d65a20f784741467bef6de8567ea7af68e6f39"
latest-published-id = "0x3ed2e92bf3334555efbea43993d65a20f784741467bef6de8567ea7af68e6f39"
published-version = "1"

[env.mainnet]
chain-id = "35834a8a"
original-published-id = "0xe53343b7a64ec5fed2e126e7a521c1794db28d04ec07c1475f9e2b83bc41ed14"
latest-published-id = "0xe53343b7a64ec5fed2e126e7a521c1794db28d04ec07c1475f9e2b83bc41ed14"
published-version = "1"
